
Microsoft Visual Studio Solution File, Format Version 12.00
# Visual Studio Version 17
VisualStudioVersion = 17.9.34607.119
MinimumVisualStudioVersion = 10.0.40219.1
Project("{FAE04EC0-301F-11D3-BF4B-00C04F79EFBC}") = "monk-mode-backend", "monk-mode-backend\monk-mode-backend.csproj", "{88EDE73C-CAFF-4974-9410-A215CEF542BC}"
EndProject
Global
	GlobalSection(SolutionConfigurationPlatforms) = preSolution
		Debug|Any CPU = Debug|Any CPU
		Release|Any CPU = Release|Any CPU
	EndGlobalSection
	GlobalSection(ProjectConfigurationPlatforms) = postSolution
		{88EDE73C-CAFF-4974-9410-A215CEF542BC}.Debug|Any CPU.ActiveCfg = Debug|Any CPU
		{88EDE73C-CAFF-4974-9410-A215CEF542BC}.Debug|Any CPU.Build.0 = Debug|Any CPU
		{88EDE73C-CAFF-4974-9410-A215CEF542BC}.Release|Any CPU.ActiveCfg = Release|Any CPU
		{88EDE73C-CAFF-4974-9410-A215CEF542BC}.Release|Any CPU.Build.0 = Release|Any CPU
	EndGlobalSection
	GlobalSection(SolutionProperties) = preSolution
		HideSolutionNode = FALSE
	EndGlobalSection
	GlobalSection(ExtensibilityGlobals) = postSolution
		SolutionGuid = {9D729152-0B69-4867-BF71-8CD7E3C4AC09}
	EndGlobalSection
EndGlobal
